// !$*UTF8*$!
{
	archiveVersion = 1;
	classes = {
	};
	objectVersion = 46;
	objects = {

/* Begin PBXBuildFile section */
		178735451EC03A2400288C52 /* main.m in Sources */ = {isa = PBXBuildFile; fileRef = 178735441EC03A2400288C52 /* main.m */; };
		178735481EC03A2400288C52 /* AppDelegate.m in Sources */ = {isa = PBXBuildFile; fileRef = 178735471EC03A2400288C52 /* AppDelegate.m */; };
		1787354E1EC03A2400288C52 /* Main.storyboard in Resources */ = {isa = PBXBuildFile; fileRef = 1787354C1EC03A2400288C52 /* Main.storyboard */; };
		178735501EC03A2400288C52 /* Assets.xcassets in Resources */ = {isa = PBXBuildFile; fileRef = 1787354F1EC03A2400288C52 /* Assets.xcassets */; };
		178735531EC03A2400288C52 /* LaunchScreen.storyboard in Resources */ = {isa = PBXBuildFile; fileRef = 178735511EC03A2400288C52 /* LaunchScreen.storyboard */; };
		1787355F1EC03A7600288C52 /* WMPlayScreenViewController.mm in Sources */ = {isa = PBXBuildFile; fileRef = 1787355E1EC03A7600288C52 /* WMPlayScreenViewController.mm */; };
		17A217961EE3AD2700F5C744 /* WMContour.mm in Sources */ = {isa = PBXBuildFile; fileRef = 17A217951EE3AD2700F5C744 /* WMContour.mm */; };
		17A217991EE3B02D00F5C744 /* WMFiducial.mm in Sources */ = {isa = PBXBuildFile; fileRef = 17A217981EE3B02D00F5C744 /* WMFiducial.mm */; };
		17A217A21EE3E3EF00F5C744 /* WMFiducialClassifier.mm in Sources */ = {isa = PBXBuildFile; fileRef = 17A217A11EE3E3EF00F5C744 /* WMFiducialClassifier.mm */; };
		17A217A91EE3E73B00F5C744 /* UIImage+OpenCV.mm in Sources */ = {isa = PBXBuildFile; fileRef = 17A217A81EE3E73B00F5C744 /* UIImage+OpenCV.mm */; };
		17A217AC1EE475EF00F5C744 /* WMTestViewController.mm in Sources */ = {isa = PBXBuildFile; fileRef = 17A217AB1EE475EF00F5C744 /* WMTestViewController.mm */; };
		17A217B41EE4E8F200F5C744 /* fiducials.bmp in Resources */ = {isa = PBXBuildFile; fileRef = 17A217B31EE4E8F200F5C744 /* fiducials.bmp */; };
		AB8587682B98FC68EE15ABA1 /* libPods-Whack-AR-Mole.a in Frameworks */ = {isa = PBXBuildFile; fileRef = F45E93EF54CDDB027335D6FC /* libPods-Whack-AR-Mole.a */; };
/* End PBXBuildFile section */

/* Begin PBXFileReference section */
		178735401EC03A2400288C52 /* Whack-AR-Mole.app */ = {isa = PBXFileReference; explicitFileType = wrapper.application; includeInIndex = 0; path = "Whack-AR-Mole.app"; sourceTree = BUILT_PRODUCTS_DIR; };
		178735441EC03A2400288C52 /* main.m */ = {isa = PBXFileReference; lastKnownFileType = sourcecode.c.objc; path = main.m; sourceTree = "<group>"; };
		178735461EC03A2400288C52 /* AppDelegate.h */ = {isa = PBXFileReference; lastKnownFileType = sourcecode.c.h; path = AppDelegate.h; sourceTree = "<group>"; };
		178735471EC03A2400288C52 /* AppDelegate.m */ = {isa = PBXFileReference; lastKnownFileType = sourcecode.c.objc; path = AppDelegate.m; sourceTree = "<group>"; };
		1787354D1EC03A2400288C52 /* Base */ = {isa = PBXFileReference; lastKnownFileType = file.storyboard; name = Base; path = Base.lproj/Main.storyboard; sourceTree = "<group>"; };
		1787354F1EC03A2400288C52 /* Assets.xcassets */ = {isa = PBXFileReference; lastKnownFileType = folder.assetcatalog; name = Assets.xcassets; path = "Whack-AR-Mole/Assets.xcassets"; sourceTree = SOURCE_ROOT; };
		178735521EC03A2400288C52 /* Base */ = {isa = PBXFileReference; lastKnownFileType = file.storyboard; name = Base; path = Base.lproj/LaunchScreen.storyboard; sourceTree = "<group>"; };
		178735541EC03A2400288C52 /* Info.plist */ = {isa = PBXFileReference; lastKnownFileType = text.plist.xml; path = Info.plist; sourceTree = "<group>"; };
		1787355D1EC03A7600288C52 /* WMPlayScreenViewController.h */ = {isa = PBXFileReference; fileEncoding = 4; lastKnownFileType = sourcecode.c.h; path = WMPlayScreenViewController.h; sourceTree = "<group>"; };
		1787355E1EC03A7600288C52 /* WMPlayScreenViewController.mm */ = {isa = PBXFileReference; fileEncoding = 4; lastKnownFileType = sourcecode.cpp.objcpp; path = WMPlayScreenViewController.mm; sourceTree = "<group>"; };
		178CE87B1EC03F700081DDD4 /* WhackARMole-PrefixHeader.pch */ = {isa = PBXFileReference; lastKnownFileType = sourcecode.c.h; path = "WhackARMole-PrefixHeader.pch"; sourceTree = "<group>"; };
		17A217941EE3AD2700F5C744 /* WMContour.h */ = {isa = PBXFileReference; fileEncoding = 4; lastKnownFileType = sourcecode.c.h; path = WMContour.h; sourceTree = "<group>"; };
		17A217951EE3AD2700F5C744 /* WMContour.mm */ = {isa = PBXFileReference; fileEncoding = 4; lastKnownFileType = sourcecode.cpp.objcpp; path = WMContour.mm; sourceTree = "<group>"; };
		17A217971EE3B02D00F5C744 /* WMFiducial.h */ = {isa = PBXFileReference; fileEncoding = 4; lastKnownFileType = sourcecode.c.h; path = WMFiducial.h; sourceTree = "<group>"; };
		17A217981EE3B02D00F5C744 /* WMFiducial.mm */ = {isa = PBXFileReference; fileEncoding = 4; lastKnownFileType = sourcecode.cpp.objcpp; path = WMFiducial.mm; sourceTree = "<group>"; };
		17A217A01EE3E3EF00F5C744 /* WMFiducialClassifier.h */ = {isa = PBXFileReference; fileEncoding = 4; lastKnownFileType = sourcecode.c.h; path = WMFiducialClassifier.h; sourceTree = "<group>"; };
		17A217A11EE3E3EF00F5C744 /* WMFiducialClassifier.mm */ = {isa = PBXFileReference; fileEncoding = 4; lastKnownFileType = sourcecode.cpp.objcpp; path = WMFiducialClassifier.mm; sourceTree = "<group>"; };
		17A217A71EE3E73B00F5C744 /* UIImage+OpenCV.h */ = {isa = PBXFileReference; fileEncoding = 4; lastKnownFileType = sourcecode.c.h; path = "UIImage+OpenCV.h"; sourceTree = "<group>"; };
		17A217A81EE3E73B00F5C744 /* UIImage+OpenCV.mm */ = {isa = PBXFileReference; fileEncoding = 4; lastKnownFileType = sourcecode.cpp.objcpp; path = "UIImage+OpenCV.mm"; sourceTree = "<group>"; };
		17A217AA1EE475EF00F5C744 /* WMTestViewController.h */ = {isa = PBXFileReference; fileEncoding = 4; lastKnownFileType = sourcecode.c.h; path = WMTestViewController.h; sourceTree = "<group>"; };
		17A217AB1EE475EF00F5C744 /* WMTestViewController.mm */ = {isa = PBXFileReference; fileEncoding = 4; lastKnownFileType = sourcecode.cpp.objcpp; path = WMTestViewController.mm; sourceTree = "<group>"; };
		17A217B31EE4E8F200F5C744 /* fiducials.bmp */ = {isa = PBXFileReference; lastKnownFileType = image.bmp; path = fiducials.bmp; sourceTree = "<group>"; };
		952FC17739EDBC1A019A4575 /* Pods-Whack-AR-Mole.debug.xcconfig */ = {isa = PBXFileReference; includeInIndex = 1; lastKnownFileType = text.xcconfig; name = "Pods-Whack-AR-Mole.debug.xcconfig"; path = "Pods/Target Support Files/Pods-Whack-AR-Mole/Pods-Whack-AR-Mole.debug.xcconfig"; sourceTree = "<group>"; };
		F45E93EF54CDDB027335D6FC /* libPods-Whack-AR-Mole.a */ = {isa = PBXFileReference; explicitFileType = archive.ar; includeInIndex = 0; path = "libPods-Whack-AR-Mole.a"; sourceTree = BUILT_PRODUCTS_DIR; };
		F9718879F67BA8287DC6895F /* Pods-Whack-AR-Mole.release.xcconfig */ = {isa = PBXFileReference; includeInIndex = 1; lastKnownFileType = text.xcconfig; name = "Pods-Whack-AR-Mole.release.xcconfig"; path = "Pods/Target Support Files/Pods-Whack-AR-Mole/Pods-Whack-AR-Mole.release.xcconfig"; sourceTree = "<group>"; };
/* End PBXFileReference section */

/* Begin PBXFrameworksBuildPhase section */
		1787353D1EC03A2400288C52 /* Frameworks */ = {
			isa = PBXFrameworksBuildPhase;
			buildActionMask = 2147483647;
			files = (
				AB8587682B98FC68EE15ABA1 /* libPods-Whack-AR-Mole.a in Frameworks */,
			);
			runOnlyForDeploymentPostprocessing = 0;
		};
/* End PBXFrameworksBuildPhase section */

/* Begin PBXGroup section */
		178735371EC03A2400288C52 = {
			isa = PBXGroup;
			children = (
				178735421EC03A2400288C52 /* Whack-AR-Mole */,
				178735411EC03A2400288C52 /* Products */,
				9689CB0580FED61F1DA954A8 /* Pods */,
				C9B40F68EB95C276E950CB69 /* Frameworks */,
			);
			sourceTree = "<group>";
		};
		178735411EC03A2400288C52 /* Products */ = {
			isa = PBXGroup;
			children = (
				178735401EC03A2400288C52 /* Whack-AR-Mole.app */,
			);
			name = Products;
			sourceTree = "<group>";
		};
		178735421EC03A2400288C52 /* Whack-AR-Mole */ = {
			isa = PBXGroup;
			children = (
				17A217B01EE4E78600F5C744 /* Assets */,
				17A217A61EE3E71800F5C744 /* Extensions */,
				17EBFBBB1EC9FD1900CEB597 /* Models */,
				1787355C1EC03A4000288C52 /* Views */,
				1787355A1EC03A2A00288C52 /* Controllers */,
				178735431EC03A2400288C52 /* Supporting Files */,
			);
			path = "Whack-AR-Mole";
			sourceTree = "<group>";
		};
		178735431EC03A2400288C52 /* Supporting Files */ = {
			isa = PBXGroup;
			children = (
				178735461EC03A2400288C52 /* AppDelegate.h */,
				178735471EC03A2400288C52 /* AppDelegate.m */,
				178735541EC03A2400288C52 /* Info.plist */,
				178735441EC03A2400288C52 /* main.m */,
				178CE87B1EC03F700081DDD4 /* WhackARMole-PrefixHeader.pch */,
			);
			name = "Supporting Files";
			sourceTree = "<group>";
		};
		1787355A1EC03A2A00288C52 /* Controllers */ = {
			isa = PBXGroup;
			children = (
				1787355D1EC03A7600288C52 /* WMPlayScreenViewController.h */,
				1787355E1EC03A7600288C52 /* WMPlayScreenViewController.mm */,
				17A217AA1EE475EF00F5C744 /* WMTestViewController.h */,
				17A217AB1EE475EF00F5C744 /* WMTestViewController.mm */,
			);
			path = Controllers;
			sourceTree = "<group>";
		};
		1787355C1EC03A4000288C52 /* Views */ = {
			isa = PBXGroup;
			children = (
				1787354C1EC03A2400288C52 /* Main.storyboard */,
				1787354F1EC03A2400288C52 /* Assets.xcassets */,
				178735511EC03A2400288C52 /* LaunchScreen.storyboard */,
			);
			name = Views;
			path = "Whack-AR-Mole/Views";
			sourceTree = SOURCE_ROOT;
		};
		17A217A61EE3E71800F5C744 /* Extensions */ = {
			isa = PBXGroup;
			children = (
				17A217A71EE3E73B00F5C744 /* UIImage+OpenCV.h */,
				17A217A81EE3E73B00F5C744 /* UIImage+OpenCV.mm */,
			);
			path = Extensions;
			sourceTree = "<group>";
		};
		17A217B01EE4E78600F5C744 /* Assets */ = {
			isa = PBXGroup;
			children = (
				17A217B31EE4E8F200F5C744 /* fiducials.bmp */,
			);
			path = Assets;
			sourceTree = "<group>";
		};
		17EBFBBB1EC9FD1900CEB597 /* Models */ = {
			isa = PBXGroup;
			children = (
				17A217941EE3AD2700F5C744 /* WMContour.h */,
				17A217951EE3AD2700F5C744 /* WMContour.mm */,
				17A217971EE3B02D00F5C744 /* WMFiducial.h */,
				17A217981EE3B02D00F5C744 /* WMFiducial.mm */,
				17A217A01EE3E3EF00F5C744 /* WMFiducialClassifier.h */,
				17A217A11EE3E3EF00F5C744 /* WMFiducialClassifier.mm */,
			);
			path = Models;
			sourceTree = "<group>";
		};
		9689CB0580FED61F1DA954A8 /* Pods */ = {
			isa = PBXGroup;
			children = (
				952FC17739EDBC1A019A4575 /* Pods-Whack-AR-Mole.debug.xcconfig */,
				F9718879F67BA8287DC6895F /* Pods-Whack-AR-Mole.release.xcconfig */,
			);
			name = Pods;
			sourceTree = "<group>";
		};
		C9B40F68EB95C276E950CB69 /* Frameworks */ = {
			isa = PBXGroup;
			children = (
				F45E93EF54CDDB027335D6FC /* libPods-Whack-AR-Mole.a */,
			);
			name = Frameworks;
			sourceTree = "<group>";
		};
/* End PBXGroup section */

/* Begin PBXNativeTarget section */
		1787353F1EC03A2400288C52 /* Whack-AR-Mole */ = {
			isa = PBXNativeTarget;
			buildConfigurationList = 178735571EC03A2400288C52 /* Build configuration list for PBXNativeTarget "Whack-AR-Mole" */;
			buildPhases = (
				2C5DA5B47CBDB27DE1F83694 /* [CP] Check Pods Manifest.lock */,
				1787353C1EC03A2400288C52 /* Sources */,
				1787353D1EC03A2400288C52 /* Frameworks */,
				1787353E1EC03A2400288C52 /* Resources */,
				120847541E70BFA850670EF5 /* [CP] Embed Pods Frameworks */,
				3E11BD21729B3CBEA3C575DD /* [CP] Copy Pods Resources */,
			);
			buildRules = (
			);
			dependencies = (
			);
			name = "Whack-AR-Mole";
			productName = "Whack-AR-Mole";
			productReference = 178735401EC03A2400288C52 /* Whack-AR-Mole.app */;
			productType = "com.apple.product-type.application";
		};
/* End PBXNativeTarget section */

/* Begin PBXProject section */
		178735381EC03A2400288C52 /* Project object */ = {
			isa = PBXProject;
			attributes = {
				CLASSPREFIX = WM;
				LastUpgradeCheck = 0830;
				ORGANIZATIONNAME = "Mai Anh Vu";
				TargetAttributes = {
					1787353F1EC03A2400288C52 = {
						CreatedOnToolsVersion = 8.3.2;
						DevelopmentTeam = A98SVH33FM;
						ProvisioningStyle = Manual;
					};
				};
			};
			buildConfigurationList = 1787353B1EC03A2400288C52 /* Build configuration list for PBXProject "Whack-AR-Mole" */;
			compatibilityVersion = "Xcode 3.2";
			developmentRegion = English;
			hasScannedForEncodings = 0;
			knownRegions = (
				en,
				Base,
			);
			mainGroup = 178735371EC03A2400288C52;
			productRefGroup = 178735411EC03A2400288C52 /* Products */;
			projectDirPath = "";
			projectRoot = "";
			targets = (
				1787353F1EC03A2400288C52 /* Whack-AR-Mole */,
			);
		};
/* End PBXProject section */

/* Begin PBXResourcesBuildPhase section */
		1787353E1EC03A2400288C52 /* Resources */ = {
			isa = PBXResourcesBuildPhase;
			buildActionMask = 2147483647;
			files = (
				178735531EC03A2400288C52 /* LaunchScreen.storyboard in Resources */,
				178735501EC03A2400288C52 /* Assets.xcassets in Resources */,
				17A217B41EE4E8F200F5C744 /* fiducials.bmp in Resources */,
				1787354E1EC03A2400288C52 /* Main.storyboard in Resources */,
			);
			runOnlyForDeploymentPostprocessing = 0;
		};
/* End PBXResourcesBuildPhase section */

/* Begin PBXShellScriptBuildPhase section */
		120847541E70BFA850670EF5 /* [CP] Embed Pods Frameworks */ = {
			isa = PBXShellScriptBuildPhase;
			buildActionMask = 2147483647;
			files = (
			);
			inputPaths = (
			);
			name = "[CP] Embed Pods Frameworks";
			outputPaths = (
			);
			runOnlyForDeploymentPostprocessing = 0;
			shellPath = /bin/sh;
			shellScript = "\"${SRCROOT}/Pods/Target Support Files/Pods-Whack-AR-Mole/Pods-Whack-AR-Mole-frameworks.sh\"\n";
			showEnvVarsInLog = 0;
		};
		2C5DA5B47CBDB27DE1F83694 /* [CP] Check Pods Manifest.lock */ = {
			isa = PBXShellScriptBuildPhase;
			buildActionMask = 2147483647;
			files = (
			);
			inputPaths = (
			);
			name = "[CP] Check Pods Manifest.lock";
			outputPaths = (
			);
			runOnlyForDeploymentPostprocessing = 0;
			shellPath = /bin/sh;
			shellScript = "diff \"${PODS_PODFILE_DIR_PATH}/Podfile.lock\" \"${PODS_ROOT}/Manifest.lock\" > /dev/null\nif [ $? != 0 ] ; then\n    # print error to STDERR\n    echo \"error: The sandbox is not in sync with the Podfile.lock. Run 'pod install' or update your CocoaPods installation.\" >&2\n    exit 1\nfi\n";
			showEnvVarsInLog = 0;
		};
		3E11BD21729B3CBEA3C575DD /* [CP] Copy Pods Resources */ = {
			isa = PBXShellScriptBuildPhase;
			buildActionMask = 2147483647;
			files = (
			);
			inputPaths = (
			);
			name = "[CP] Copy Pods Resources";
			outputPaths = (
			);
			runOnlyForDeploymentPostprocessing = 0;
			shellPath = /bin/sh;
			shellScript = "\"${SRCROOT}/Pods/Target Support Files/Pods-Whack-AR-Mole/Pods-Whack-AR-Mole-resources.sh\"\n";
			showEnvVarsInLog = 0;
		};
/* End PBXShellScriptBuildPhase section */

/* Begin PBXSourcesBuildPhase section */
		1787353C1EC03A2400288C52 /* Sources */ = {
			isa = PBXSourcesBuildPhase;
			buildActionMask = 2147483647;
			files = (
				1787355F1EC03A7600288C52 /* WMPlayScreenViewController.mm in Sources */,
				17A217961EE3AD2700F5C744 /* WMContour.mm in Sources */,
				178735481EC03A2400288C52 /* AppDelegate.m in Sources */,
				17A217A21EE3E3EF00F5C744 /* WMFiducialClassifier.mm in Sources */,
				17A217AC1EE475EF00F5C744 /* WMTestViewController.mm in Sources */,
				17A217A91EE3E73B00F5C744 /* UIImage+OpenCV.mm in Sources */,
				17A217991EE3B02D00F5C744 /* WMFiducial.mm in Sources */,
				178735451EC03A2400288C52 /* main.m in Sources */,
			);
			runOnlyForDeploymentPostprocessing = 0;
		};
/* End PBXSourcesBuildPhase section */

/* Begin PBXVariantGroup section */
		1787354C1EC03A2400288C52 /* Main.storyboard */ = {
			isa = PBXVariantGroup;
			children = (
				1787354D1EC03A2400288C52 /* Base */,
			);
			name = Main.storyboard;
			path = "Whack-AR-Mole";
			sourceTree = SOURCE_ROOT;
		};
		178735511EC03A2400288C52 /* LaunchScreen.storyboard */ = {
			isa = PBXVariantGroup;
			children = (
				178735521EC03A2400288C52 /* Base */,
			);
			name = LaunchScreen.storyboard;
			path = "Whack-AR-Mole";
			sourceTree = SOURCE_ROOT;
		};
/* End PBXVariantGroup section */

/* Begin XCBuildConfiguration section */
		178735551EC03A2400288C52 /* Debug */ = {
			isa = XCBuildConfiguration;
			buildSettings = {
				ALWAYS_SEARCH_USER_PATHS = NO;
				CLANG_ANALYZER_NONNULL = YES;
				CLANG_ANALYZER_NUMBER_OBJECT_CONVERSION = YES_AGGRESSIVE;
				CLANG_CXX_LANGUAGE_STANDARD = "gnu++0x";
				CLANG_CXX_LIBRARY = "libc++";
				CLANG_ENABLE_MODULES = YES;
				CLANG_ENABLE_OBJC_ARC = YES;
				CLANG_WARN_BOOL_CONVERSION = YES;
				CLANG_WARN_CONSTANT_CONVERSION = YES;
				CLANG_WARN_DIRECT_OBJC_ISA_USAGE = YES_ERROR;
				CLANG_WARN_DOCUMENTATION_COMMENTS = YES;
				CLANG_WARN_EMPTY_BODY = YES;
				CLANG_WARN_ENUM_CONVERSION = YES;
				CLANG_WARN_INFINITE_RECURSION = YES;
				CLANG_WARN_INT_CONVERSION = YES;
				CLANG_WARN_OBJC_ROOT_CLASS = YES_ERROR;
				CLANG_WARN_SUSPICIOUS_MOVE = YES;
				CLANG_WARN_UNREACHABLE_CODE = YES;
				CLANG_WARN__DUPLICATE_METHOD_MATCH = YES;
				"CODE_SIGN_IDENTITY[sdk=iphoneos*]" = "iPhone Developer";
				COPY_PHASE_STRIP = NO;
				DEBUG_INFORMATION_FORMAT = dwarf;
				ENABLE_STRICT_OBJC_MSGSEND = YES;
				ENABLE_TESTABILITY = YES;
				GCC_C_LANGUAGE_STANDARD = gnu99;
				GCC_DYNAMIC_NO_PIC = NO;
				GCC_NO_COMMON_BLOCKS = YES;
				GCC_OPTIMIZATION_LEVEL = 0;
				GCC_PREPROCESSOR_DEFINITIONS = (
					"DEBUG=1",
					"$(inherited)",
				);
				GCC_WARN_64_TO_32_BIT_CONVERSION = YES;
				GCC_WARN_ABOUT_RETURN_TYPE = YES_ERROR;
				GCC_WARN_UNDECLARED_SELECTOR = YES;
				GCC_WARN_UNINITIALIZED_AUTOS = YES_AGGRESSIVE;
				GCC_WARN_UNUSED_FUNCTION = YES;
				GCC_WARN_UNUSED_VARIABLE = YES;
				IPHONEOS_DEPLOYMENT_TARGET = 10.3;
				MTL_ENABLE_DEBUG_INFO = YES;
				ONLY_ACTIVE_ARCH = YES;
				SDKROOT = iphoneos;
			};
			name = Debug;
		};
		178735561EC03A2400288C52 /* Release */ = {
			isa = XCBuildConfiguration;
			buildSettings = {
				ALWAYS_SEARCH_USER_PATHS = NO;
				CLANG_ANALYZER_NONNULL = YES;
				CLANG_ANALYZER_NUMBER_OBJECT_CONVERSION = YES_AGGRESSIVE;
				CLANG_CXX_LANGUAGE_STANDARD = "gnu++0x";
				CLANG_CXX_LIBRARY = "libc++";
				CLANG_ENABLE_MODULES = YES;
				CLANG_ENABLE_OBJC_ARC = YES;
				CLANG_WARN_BOOL_CONVERSION = YES;
				CLANG_WARN_CONSTANT_CONVERSION = YES;
				CLANG_WARN_DIRECT_OBJC_ISA_USAGE = YES_ERROR;
				CLANG_WARN_DOCUMENTATION_COMMENTS = YES;
				CLANG_WARN_EMPTY_BODY = YES;
				CLANG_WARN_ENUM_CONVERSION = YES;
				CLANG_WARN_INFINITE_RECURSION = YES;
				CLANG_WARN_INT_CONVERSION = YES;
				CLANG_WARN_OBJC_ROOT_CLASS = YES_ERROR;
				CLANG_WARN_SUSPICIOUS_MOVE = YES;
				CLANG_WARN_UNREACHABLE_CODE = YES;
				CLANG_WARN__DUPLICATE_METHOD_MATCH = YES;
				"CODE_SIGN_IDENTITY[sdk=iphoneos*]" = "iPhone Developer";
				COPY_PHASE_STRIP = NO;
				DEBUG_INFORMATION_FORMAT = "dwarf-with-dsym";
				ENABLE_NS_ASSERTIONS = NO;
				ENABLE_STRICT_OBJC_MSGSEND = YES;
				GCC_C_LANGUAGE_STANDARD = gnu99;
				GCC_NO_COMMON_BLOCKS = YES;
				GCC_WARN_64_TO_32_BIT_CONVERSION = YES;
				GCC_WARN_ABOUT_RETURN_TYPE = YES_ERROR;
				GCC_WARN_UNDECLARED_SELECTOR = YES;
				GCC_WARN_UNINITIALIZED_AUTOS = YES_AGGRESSIVE;
				GCC_WARN_UNUSED_FUNCTION = YES;
				GCC_WARN_UNUSED_VARIABLE = YES;
				IPHONEOS_DEPLOYMENT_TARGET = 10.3;
				MTL_ENABLE_DEBUG_INFO = NO;
				SDKROOT = iphoneos;
				VALIDATE_PRODUCT = YES;
			};
			name = Release;
		};
		178735581EC03A2400288C52 /* Debug */ = {
			isa = XCBuildConfiguration;
			baseConfigurationReference = 952FC17739EDBC1A019A4575 /* Pods-Whack-AR-Mole.debug.xcconfig */;
			buildSettings = {
				ASSETCATALOG_COMPILER_APPICON_NAME = AppIcon;
				DEVELOPMENT_TEAM = A98SVH33FM;
				FRAMEWORK_SEARCH_PATHS = (
					"$(inherited)",
					"$(PROJECT_DIR)",
				);
				INFOPLIST_FILE = "Whack-AR-Mole/Info.plist";
				IPHONEOS_DEPLOYMENT_TARGET = 9.0;
				LD_RUNPATH_SEARCH_PATHS = "$(inherited) @executable_path/Frameworks";
				LIBRARY_SEARCH_PATHS = (
					"$(inherited)",
					"$(PROJECT_DIR)",
				);
				PRODUCT_BUNDLE_IDENTIFIER = com.maianhvu.ios.whackarmole;
				PRODUCT_NAME = "$(TARGET_NAME)";
				PROVISIONING_PROFILE = "167004c2-5b27-4fb4-b494-a926637ee371";
				PROVISIONING_PROFILE_SPECIFIER = "Whack-AR-Mole Development";
			};
			name = Debug;
		};
		178735591EC03A2400288C52 /* Release */ = {
			isa = XCBuildConfiguration;
			baseConfigurationReference = F9718879F67BA8287DC6895F /* Pods-Whack-AR-Mole.release.xcconfig */;
			buildSettings = {
				ASSETCATALOG_COMPILER_APPICON_NAME = AppIcon;
				DEVELOPMENT_TEAM = "";
				FRAMEWORK_SEARCH_PATHS = (
					"$(inherited)",
					"$(PROJECT_DIR)",
				);
				INFOPLIST_FILE = "Whack-AR-Mole/Info.plist";
				IPHONEOS_DEPLOYMENT_TARGET = 9.0;
				LD_RUNPATH_SEARCH_PATHS = "$(inherited) @executable_path/Frameworks";
				LIBRARY_SEARCH_PATHS = (
					"$(inherited)",
					"$(PROJECT_DIR)",
				);
				PRODUCT_BUNDLE_IDENTIFIER = com.maianhvu.ios.whackarmole;
				PRODUCT_NAME = "$(TARGET_NAME)";
				PROVISIONING_PROFILE_SPECIFIER = "";
			};
			name = Release;
		};
/* End XCBuildConfiguration section */

/* Begin XCConfigurationList section */
		1787353B1EC03A2400288C52 /* Build configuration list for PBXProject "Whack-AR-Mole" */ = {
			isa = XCConfigurationList;
			buildConfigurations = (
				178735551EC03A2400288C52 /* Debug */,
				178735561EC03A2400288C52 /* Release */,
			);
			defaultConfigurationIsVisible = 0;
			defaultConfigurationName = Release;
		};
		178735571EC03A2400288C52 /* Build configuration list for PBXNativeTarget "Whack-AR-Mole" */ = {
			isa = XCConfigurationList;
			buildConfigurations = (
				178735581EC03A2400288C52 /* Debug */,
				178735591EC03A2400288C52 /* Release */,
			);
			defaultConfigurationIsVisible = 0;
			defaultConfigurationName = Release;
		};
/* End XCConfigurationList section */
	};
	rootObject = 178735381EC03A2400288C52 /* Project object */;
}
